[[package]]
name = "atomicwrites"
version = "1.3.0"
description = "Atomic file writes."
category = "dev"
optional = false
python-versions = ">=2.7, !=3.0.*, !=3.1.*, !=3.2.*, !=3.3.*"

[[package]]
name = "attrs"
version = "19.1.0"
description = "Classes Without Boilerplate"
category = "dev"
optional = false
python-versions = ">=2.7, !=3.0.*, !=3.1.*, !=3.2.*, !=3.3.*"

[package.extras]
dev = ["coverage", "hypothesis", "pympler", "pytest", "six", "zope.interface", "sphinx", "pre-commit"]
docs = ["sphinx", "zope.interface"]
tests = ["coverage", "hypothesis", "pympler", "pytest", "six", "zope.interface"]

[[package]]
name = "colorama"
version = "0.4.1"
description = "Cross-platform colored terminal text."
category = "dev"
optional = false
python-versions = ">=2.7, !=3.0.*, !=3.1.*, !=3.2.*, !=3.3.*"

[[package]]
name = "decorator"
version = "4.4.0"
description = "Better living through Python with decorators"
category = "main"
optional = false
python-versions = ">=2.6, !=3.0.*, !=3.1.*"

[[package]]
name = "gssapi"
version = "1.6.1"
description = "Python GSSAPI Wrapper"
category = "main"
optional = false
python-versions = "*"

[package.dependencies]
decorator = "*"
six = ">=1.4.0"

[[package]]
name = "importlib-metadata"
version = "0.23"
description = "Read metadata from Python packages"
category = "dev"
optional = false
python-versions = ">=2.7,!=3.0,!=3.1,!=3.2,!=3.3"

[package.dependencies]
zipp = ">=0.5"

[package.extras]
docs = ["sphinx", "rst.linker"]
testing = ["packaging", "importlib-resources"]

[[package]]
name = "ldap3"
version = "2.6.1"
description = "A strictly RFC 4510 conforming LDAP V3 pure Python client library"
category = "main"
optional = false
python-versions = "*"

[package.dependencies]
pyasn1 = ">=0.1.8"

[[package]]
name = "more-itertools"
version = "7.2.0"
description = "More routines for operating on iterables, beyond itertools"
category = "dev"
optional = false
python-versions = ">=3.4"

[[package]]
name = "pluggy"
version = "0.13.0"
description = "plugin and hook calling mechanisms for python"
category = "dev"
optional = false
python-versions = ">=2.7, !=3.0.*, !=3.1.*, !=3.2.*, !=3.3.*"

[package.dependencies]
importlib-metadata = {version = ">=0.12", markers = "python_version < \"3.8\""}

[package.extras]
dev = ["pre-commit", "tox"]

[[package]]
name = "py"
version = "1.10.0"
description = "library with cross-python path, ini-parsing, io, code, log facilities"
category = "dev"
optional = false
python-versions = ">=2.7, !=3.0.*, !=3.1.*, !=3.2.*, !=3.3.*"

[[package]]
name = "pyasn1"
version = "0.4.7"
description = "ASN.1 types and codecs"
category = "main"
optional = false
python-versions = "*"

[[package]]
name = "pyasn1-modules"
version = "0.2.6"
description = "A collection of ASN.1-based protocols modules."
category = "main"
optional = false
python-versions = "*"

[package.dependencies]
pyasn1 = ">=0.4.6,<0.5.0"

[[package]]
name = "pytest"
version = "3.10.1"
description = "pytest: simple powerful testing with Python"
category = "dev"
optional = false
python-versions = ">=2.7, !=3.0.*, !=3.1.*, !=3.2.*, !=3.3.*"

[package.dependencies]
atomicwrites = ">=1.0"
attrs = ">=17.4.0"
colorama = {version = "*", markers = "sys_platform == \"win32\""}
more-itertools = ">=4.0.0"
pluggy = ">=0.7"
py = ">=1.5.0"
six = ">=1.10.0"

[[package]]
name = "python-ldap"
version = "3.4.0"
description = "Python modules for implementing LDAP clients"
category = "main"
optional = false
python-versions = ">=3.6"

[package.dependencies]
pyasn1 = ">=0.3.7"
pyasn1_modules = ">=0.1.5"

[[package]]
name = "six"
version = "1.12.0"
description = "Python 2 and 3 compatibility utilities"
category = "main"
optional = false
python-versions = ">=2.6, !=3.0.*, !=3.1.*"

[[package]]
name = "zipp"
version = "0.6.0"
description = "Backport of pathlib-compatible object wrapper for zip files"
category = "dev"
optional = false
python-versions = ">=2.7"

[package.dependencies]
more-itertools = "*"

[package.extras]
docs = ["sphinx", "jaraco.packaging (>=3.2)", "rst.linker (>=1.9)"]
testing = ["pathlib2", "contextlib2", "unittest2"]

[metadata]
lock-version = "1.1"
python-versions = "^3.7"
content-hash = "8480b9e80545411243dd3c79b3a14a060de0ebada8ce0b331eb0a182f5ae0dbe"

[metadata.files]
atomicwrites = [
    {file = "atomicwrites-1.3.0-py2.py3-none-any.whl", hash = "sha256:03472c30eb2c5d1ba9227e4c2ca66ab8287fbfbbda3888aa93dc2e28fc6811b4"},
    {file = "atomicwrites-1.3.0.tar.gz", hash = "sha256:75a9445bac02d8d058d5e1fe689654ba5a6556a1dfd8ce6ec55a0ed79866cfa6"},
]
attrs = [
    {file = "attrs-19.1.0-py2.py3-none-any.whl", hash = "sha256:69c0dbf2ed392de1cb5ec704444b08a5ef81680a61cb899dc08127123af36a79"},
    {file = "attrs-19.1.0.tar.gz", hash = "sha256:f0b870f674851ecbfbbbd364d6b5cbdff9dcedbc7f3f5e18a6891057f21fe399"},
]
colorama = [
    {file = "colorama-0.4.1-py2.py3-none-any.whl", hash = "sha256:f8ac84de7840f5b9c4e3347b3c1eaa50f7e49c2b07596221daec5edaabbd7c48"},
    {file = "colorama-0.4.1.tar.gz", hash = "sha256:05eed71e2e327246ad6b38c540c4a3117230b19679b875190486ddd2d721422d"},
]
decorator = [
    {file = "decorator-4.4.0-py2.py3-none-any.whl", hash = "sha256:f069f3a01830ca754ba5258fde2278454a0b5b79e0d7f5c13b3b97e57d4acff6"},
    {file = "decorator-4.4.0.tar.gz", hash = "sha256:86156361c50488b84a3f148056ea716ca587df2f0de1d34750d35c21312725de"},
]
gssapi = [
    {file = "gssapi-1.6.1-cp27-cp27m-win_amd64.whl", hash = "sha256:5d0208236a31b0aed1de27da57dfd36970788e9748694a4842208bf30bd2c550"},
    {file = "gssapi-1.6.1-cp36-cp36m-win_amd64.whl", hash = "sha256:a0ef69de1ee4476c267c3a20fcd1bd6f604cda8d2c7ecccb8db941bebb7090d7"},
    {file = "gssapi-1.6.1-cp37-cp37m-win_amd64.whl", hash = "sha256:b4d0e9016e14ed42e773c0b7d48953f4956129a37c44a0344920e3a625e82e69"},
    {file = "gssapi-1.6.1.tar.gz", hash = "sha256:99172a907ecc2d831390f389d3d2099863f48a16975f3c823f3ff3ad1579d5bf"},
]
importlib-metadata = [
    {file = "importlib_metadata-0.23-py2.py3-none-any.whl", hash = "sha256:d5f18a79777f3aa179c145737780282e27b508fc8fd688cb17c7a813e8bd39af"},
    {file = "importlib_metadata-0.23.tar.gz", hash = "sha256:aa18d7378b00b40847790e7c27e11673d7fed219354109d0e7b9e5b25dc3ad26"},
]
ldap3 = [
    {file = "ldap3-2.6.1-py2.6.egg", hash = "sha256:e2a1fc0da646c62d3171eea3d1072be27e424981c32492a089ac7009626b485b"},
    {file = "ldap3-2.6.1-py2.7.egg", hash = "sha256:1111a560a92a03fee5e653a36fdca6ab7de8f06c6d3e6d1c7326687bfd0d91d2"},
    {file = "ldap3-2.6.1-py2.py3-none-any.whl", hash = "sha256:1898194d872539670a2f36d4b56fe5a35d4b9ead28103bec78f05a8993e8122f"},
    {file = "ldap3-2.6.1-py3.7.egg", hash = "sha256:ba9b7ceeb8f7fe55c50607f87d439558c0cd3188ccb472ff3f72b6576cb99678"},
    {file = "ldap3-2.6.1.tar.gz", hash = "sha256:27cb673e7afcb539f6adcae5a3ecac4e74eb37ca0a2d50dc98f29a3829eee529"},
    {file = "ldap3-2.6.1.win-amd64.exe", hash = "sha256:2b5e7632d5acab47b9bec6ec2af89472b86b6fc3d3e706635835feb7897889e1"},
]
more-itertools = [
    {file = "more-itertools-7.2.0.tar.gz", hash = "sha256:409cd48d4db7052af495b09dec721011634af3753ae1ef92d2b32f73a745f832"},
    {file = "more_itertools-7.2.0-py3-none-any.whl", hash = "sha256:92b8c4b06dac4f0611c0729b2f2ede52b2e1bac1ab48f089c7ddc12e26bb60c4"},
]
pluggy = [
    {file = "pluggy-0.13.0-py2.py3-none-any.whl", hash = "sha256:0db4b7601aae1d35b4a033282da476845aa19185c1e6964b25cf324b5e4ec3e6"},
    {file = "pluggy-0.13.0.tar.gz", hash = "sha256:fa5fa1622fa6dd5c030e9cad086fa19ef6a0cf6d7a2d12318e10cb49d6d68f34"},
]
py = [
    {file = "py-1.10.0-py2.py3-none-any.whl", hash = "sha256:3b80836aa6d1feeaa108e046da6423ab8f6ceda6468545ae8d02d9d58d18818a"},
    {file = "py-1.10.0.tar.gz", hash = "sha256:21b81bda15b66ef5e1a777a21c4dcd9c20ad3efd0b3f817e7a809035269e1bd3"},
]
pyasn1 = [
    {file = "pyasn1-0.4.7-py2.4.egg", hash = "sha256:2919babd43b3b44247c23201b71072c0c65a636daa595cad5bcd276094dbfc2d"},
    {file = "pyasn1-0.4.7-py2.5.egg", hash = "sha256:96c44b5604e7674e53e27fce98f3fc68821d9546151b98842c27b533122649da"},
    {file = "pyasn1-0.4.7-py2.6.egg", hash = "sha256:813b198c169e9442f340743f77093435bf3e1de8d1731f3abc45d44afba17556"},
    {file = "pyasn1-0.4.7-py2.7.egg", hash = "sha256:437a23121602c0bb6c65320b27e31e334ffd73a9ca5c6c075b66b6270b1a8184"},
    {file = "pyasn1-0.4.7-py2.py3-none-any.whl", hash = "sha256:62cdade8b5530f0b185e09855dd422bc05c0bbff6b72ff61381c09dac7befd8c"},
    {file = "pyasn1-0.4.7-py3.1.egg", hash = "sha256:1321d4b2f051410fe7302bb1619903d30b24ba1451d019c11d242d11b2a35444"},
    {file = "pyasn1-0.4.7-py3.2.egg", hash = "sha256:5a89df3c62688261e27439d5715fd0d3ca6bf7bf1067e2171642e92aff17e817"},
    {file = "pyasn1-0.4.7-py3.3.egg", hash = "sha256:f124185ccc1c1c5e782aa58d46bc28be279673a482334d70de6735d05d8b4b10"},
    {file = "pyasn1-0.4.7-py3.4.egg", hash = "sha256:2860a047f666afd23b197a65f33145313511c368ce919b2d9b1853ffd3e9d32d"},
    {file = "pyasn1-0.4.7-py3.5.egg", hash = "sha256:67a43aec85f4ea96e72a7b22227ba7a45cf03b7297e1a53418be164bbf68335e"},
    {file = "pyasn1-0.4.7-py3.6.egg", hash = "sha256:bcac468e38d16e94fee4c8f76eef1feb9a06a911e93465f2351a4140fa66d303"},
    {file = "pyasn1-0.4.7-py3.7.egg", hash = "sha256:c39d11c72f0e5e71faa35c8c8ef5ee9b810ec99a3c64f05133f1325fe5636bba"},
    {file = "pyasn1-0.4.7.tar.gz", hash = "sha256:a9495356ca1d66ed197a0f72b41eb1823cf7ea8b5bd07191673e8147aecf8604"},
]
pyasn1-modules = [
    {file = "pyasn1-modules-0.2.6.tar.gz", hash = "sha256:43c17a83c155229839cc5c6b868e8d0c6041dba149789b6d6e28801c64821722"},
    {file = "pyasn1_modules-0.2.6-py2.4.egg", hash = "sha256:b5e0ab3dc16f42ef0c2e5ebf51db9f1e1aa734a68a4d26a2b475a289182b697f"},
    {file = "pyasn1_modules-0.2.6-py2.5.egg", hash = "sha256:bf68431a9043b35aa0a18b865ecbb19ec19f8354488ea0b3b5d9ec33cb4c2be5"},
    {file = "pyasn1_modules-0.2.6-py2.6.egg", hash = "sha256:5965cb606a914b1b086f6ffdb9e526b5ec21cea81ba0bb75f3b807d5500dda1a"},
    {file = "pyasn1_modules-0.2.6-py2.7.egg", hash = "sha256:a00100a99dcc71a97b2291fcac868a39f32a72cc54d86a4e5504b34b2f5f8584"},
    {file = "pyasn1_modules-0.2.6-py2.py3-none-any.whl", hash = "sha256:e30199a9d221f1b26c885ff3d87fd08694dbbe18ed0e8e405a2a7126d30ce4c0"},
    {file = "pyasn1_modules-0.2.6-py3.1.egg", hash = "sha256:256c234d85baf315f0e99786d812e68b816e4ee4b35bac982689198ff3df5a61"},
    {file = "pyasn1_modules-0.2.6-py3.2.egg", hash = "sha256:b3899b59d6c6b4e91e9c5278ec49c0adb971349ef9c3531ae67149e3bb0b272b"},
    {file = "pyasn1_modules-0.2.6-py3.3.egg", hash = "sha256:75819dd99d1be4effd1322859ec8ac3fa7c7503fec0acbce6985b2aae41aa838"},
    {file = "pyasn1_modules-0.2.6-py3.4.egg", hash = "sha256:ee0eb28ad9e9c0237954b4ca4c8a91cc2e98476c1dc9a1422310332518b0dd82"},
    {file = "pyasn1_modules-0.2.6-py3.5.egg", hash = "sha256:a480489471e67c579f49057a10879cc9a787b64a84af00ed2ed3f68a652b0197"},
    {file = "pyasn1_modules-0.2.6-py3.6.egg", hash = "sha256:525edd202cadbb014587e6e8a82a86424d4c92340222000b300cfd4041625f5a"},
    {file = "pyasn1_modules-0.2.6-py3.7.egg", hash = "sha256:3b350a01813f4878f4ebb3e7348d3753556b120145460a810e3121fe78925923"},
]
pytest = [
    {file = "pytest-3.10.1-py2.py3-none-any.whl", hash = "sha256:3f193df1cfe1d1609d4c583838bea3d532b18d6160fd3f55c9447fdca30848ec"},
    {file = "pytest-3.10.1.tar.gz", hash = "sha256:e246cf173c01169b9617fc07264b7b1316e78d7a650055235d6d897bc80d9660"},
]
python-ldap = [
    {file = "python-ldap-3.4.0.tar.gz", hash = "sha256:60464c8fc25e71e0fd40449a24eae482dcd0fb7fcf823e7de627a6525b3e0d12"},
]
six = [
    {file = "six-1.12.0-py2.py3-none-any.whl", hash = "sha256:3350809f0555b11f552448330d0b52d5f24c91a322ea4a15ef22629740f3761c"},
    {file = "six-1.12.0.tar.gz", hash = "sha256:d16a0141ec1a18405cd4ce8b4613101da75da0e9a7aec5bdd4fa804d0e0eba73"},
]
zipp = [
    {file = "zipp-0.6.0-py2.py3-none-any.whl", hash = "sha256:f06903e9f1f43b12d371004b4ac7b06ab39a44adc747266928ae6debfa7b3335"},
    {file = "zipp-0.6.0.tar.gz", hash = "sha256:3718b1cbcd963c7d4c5511a8240812904164b7f381b647143a89d3b98f9bcd8e"},
]
